
Microsoft Visual Studio Solution File, Format Version 12.00
# Visual Studio Version 17
VisualStudioVersion = 17.9.34701.34
MinimumVisualStudioVersion = 10.0.40219.1
Project("{8BC9CEB8-8B4A-11D0-8D11-00A0C91BC942}") = "DLL", "DLL\DLL.vcxproj", "{CE5AA625-FB0A-485B-ABEE-B4DEBDDD5303}"
	ProjectSection(ProjectDependencies) = postProject
		{06E30C65-D79A-4FEC-8A60-B36D907E6601} = {06E30C65-D79A-4FEC-8A60-B36D907E6601}
	EndProjectSection
EndProject
Project("{8BC9CEB8-8B4A-11D0-8D11-00A0C91BC942}") = "Injector", "Injector\Injector.vcxproj", "{838350EE-7B1E-4805-8515-4BEAE12340DE}"
EndProject
Project("{8BC9CEB8-8B4A-11D0-8D11-00A0C91BC942}") = "Detours", "Shared\Detours\Detours.vcxproj", "{06E30C65-D79A-4FEC-8A60-B36D907E6601}"
EndProject
Global
	GlobalSection(SolutionConfigurationPlatforms) = preSolution
		Debug|x64 = Debug|x64
		Debug|x86 = Debug|x86
		Production|x64 = Production|x64
		Production|x86 = Production|x86
		Release|x64 = Release|x64
		Release|x86 = Release|x86
	EndGlobalSection
	GlobalSection(ProjectConfigurationPlatforms) = postSolution
		{CE5AA625-FB0A-485B-ABEE-B4DEBDDD5303}.Debug|x64.ActiveCfg = Debug|x64
		{CE5AA625-FB0A-485B-ABEE-B4DEBDDD5303}.Debug|x64.Build.0 = Debug|x64
		{CE5AA625-FB0A-485B-ABEE-B4DEBDDD5303}.Debug|x86.ActiveCfg = Debug|Win32
		{CE5AA625-FB0A-485B-ABEE-B4DEBDDD5303}.Debug|x86.Build.0 = Debug|Win32
		{CE5AA625-FB0A-485B-ABEE-B4DEBDDD5303}.Production|x64.ActiveCfg = Debug|x64
		{CE5AA625-FB0A-485B-ABEE-B4DEBDDD5303}.Production|x64.Build.0 = Debug|x64
		{CE5AA625-FB0A-485B-ABEE-B4DEBDDD5303}.Production|x86.ActiveCfg = Debug|Win32
		{CE5AA625-FB0A-485B-ABEE-B4DEBDDD5303}.Production|x86.Build.0 = Debug|Win32
		{CE5AA625-FB0A-485B-ABEE-B4DEBDDD5303}.Release|x64.ActiveCfg = Release|x64
		{CE5AA625-FB0A-485B-ABEE-B4DEBDDD5303}.Release|x64.Build.0 = Release|x64
		{CE5AA625-FB0A-485B-ABEE-B4DEBDDD5303}.Release|x86.ActiveCfg = Release|Win32
		{CE5AA625-FB0A-485B-ABEE-B4DEBDDD5303}.Release|x86.Build.0 = Release|Win32
		{838350EE-7B1E-4805-8515-4BEAE12340DE}.Debug|x64.ActiveCfg = Debug|x64
		{838350EE-7B1E-4805-8515-4BEAE12340DE}.Debug|x64.Build.0 = Debug|x64
		{838350EE-7B1E-4805-8515-4BEAE12340DE}.Debug|x86.ActiveCfg = Debug|Win32
		{838350EE-7B1E-4805-8515-4BEAE12340DE}.Debug|x86.Build.0 = Debug|Win32
		{838350EE-7B1E-4805-8515-4BEAE12340DE}.Production|x64.ActiveCfg = Debug|x64
		{838350EE-7B1E-4805-8515-4BEAE12340DE}.Production|x64.Build.0 = Debug|x64
		{838350EE-7B1E-4805-8515-4BEAE12340DE}.Production|x86.ActiveCfg = Debug|Win32
		{838350EE-7B1E-4805-8515-4BEAE12340DE}.Production|x86.Build.0 = Debug|Win32
		{838350EE-7B1E-4805-8515-4BEAE12340DE}.Release|x64.ActiveCfg = Release|x64
		{838350EE-7B1E-4805-8515-4BEAE12340DE}.Release|x64.Build.0 = Release|x64
		{838350EE-7B1E-4805-8515-4BEAE12340DE}.Release|x86.ActiveCfg = Release|Win32
		{838350EE-7B1E-4805-8515-4BEAE12340DE}.Release|x86.Build.0 = Release|Win32
		{06E30C65-D79A-4FEC-8A60-B36D907E6601}.Debug|x64.ActiveCfg = Debug|Win32
		{06E30C65-D79A-4FEC-8A60-B36D907E6601}.Debug|x64.Build.0 = Debug|Win32
		{06E30C65-D79A-4FEC-8A60-B36D907E6601}.Debug|x86.ActiveCfg = Debug|Win32
		{06E30C65-D79A-4FEC-8A60-B36D907E6601}.Debug|x86.Build.0 = Debug|Win32
		{06E30C65-D79A-4FEC-8A60-B36D907E6601}.Production|x64.ActiveCfg = Production|Win32
		{06E30C65-D79A-4FEC-8A60-B36D907E6601}.Production|x64.Build.0 = Production|Win32
		{06E30C65-D79A-4FEC-8A60-B36D907E6601}.Production|x86.ActiveCfg = Production|Win32
		{06E30C65-D79A-4FEC-8A60-B36D907E6601}.Production|x86.Build.0 = Production|Win32
		{06E30C65-D79A-4FEC-8A60-B36D907E6601}.Release|x64.ActiveCfg = Release|Win32
		{06E30C65-D79A-4FEC-8A60-B36D907E6601}.Release|x64.Build.0 = Release|Win32
		{06E30C65-D79A-4FEC-8A60-B36D907E6601}.Release|x86.ActiveCfg = Release|Win32
		{06E30C65-D79A-4FEC-8A60-B36D907E6601}.Release|x86.Build.0 = Release|Win32
	EndGlobalSection
	GlobalSection(SolutionProperties) = preSolution
		HideSolutionNode = FALSE
	EndGlobalSection
	GlobalSection(ExtensibilityGlobals) = postSolution
		SolutionGuid = {2C57F87F-528E-4A2C-BBF7-1F1F40E958A6}
	EndGlobalSection
EndGlobal
